schema: '2.0'
stages:
  data_ingestion:
    cmd: python src/components/data_ingestion.py
    deps:
    - path: src/components/data_ingestion.py
      hash: md5
      md5: 5b28de284f68c0cc5c9eab6e8e9032e1
      size: 2760
    outs:
    - path: artifact/ingested_data/data.csv
      hash: md5
      md5: b33f21d1f557930fdad62967793537c2
      size: 1327236
  data_transformation:
    cmd: python src/components/data_transformation.py
    deps:
    - path: artifact/ingested_data/data.csv
      hash: md5
      md5: b33f21d1f557930fdad62967793537c2
      size: 1327236
    - path: src/components/data_transformation.py
      hash: md5
      md5: bac11890b9fa235f7eae555f9fa3e4c7
      size: 6460
    params:
      params.yaml:
        data_transformation.test_size: 0.2
    outs:
    - path: artifact/transformed_data/test.csv
      hash: md5
      md5: b79cf852ec36a6fe64c9ee8b6d35a841
      size: 159780
    - path: artifact/transformed_data/train.csv
      hash: md5
      md5: b5590245818838a1a664eec6460e1156
      size: 660572
    - path: models/stopwords.pkl
      hash: md5
      md5: 29e4cc587db25eac4e672ce6d7655c58
      size: 1460
  feature_engineering:
    cmd: python src/components/feature_engineering.py
    deps:
    - path: artifact/transformed_data/test.csv
      hash: md5
      md5: b79cf852ec36a6fe64c9ee8b6d35a841
      size: 159780
    - path: artifact/transformed_data/train.csv
      hash: md5
      md5: b5590245818838a1a664eec6460e1156
      size: 660572
    - path: src/components/feature_engineering.py
      hash: md5
      md5: 8b20f5dcc19901a0175dbd56a64dc2d8
      size: 5867
    params:
      params.yaml:
        feature_engineering.max_features: 20
    outs:
    - path: artifact/feature/test.csv
      hash: md5
      md5: a40be1e3532c646f0fb8bd595fd9aba4
      size: 8693
    - path: artifact/feature/train.csv
      hash: md5
      md5: c7929357c9f6fa35b9d0336d595a7cfa
      size: 34625
    - path: models/vectorizer.pkl
      hash: md5
      md5: 6619b3b858167f16501da753b22ba7e9
      size: 1070
  model_training:
    cmd: python src/components/model_training.py
    deps:
    - path: artifact/feature/test.csv
      hash: md5
      md5: a40be1e3532c646f0fb8bd595fd9aba4
      size: 8693
    - path: artifact/feature/train.csv
      hash: md5
      md5: c7929357c9f6fa35b9d0336d595a7cfa
      size: 34625
    - path: src/components/model_training.py
      hash: md5
      md5: 3c033ca7ecca14d00b0e209a2fe16038
      size: 3380
    params:
      params.yaml:
        model_params.C: 1
        model_params.penalty: l1
        model_params.solver: liblinear
    outs:
    - path: models/model.pkl
      hash: md5
      md5: c2351183184f9f906ce4c9970b06db51
      size: 872
  model_evaluation:
    cmd: python src/components/model_evaluation.py
    deps:
    - path: artifact/feature/test.csv
      hash: md5
      md5: a40be1e3532c646f0fb8bd595fd9aba4
      size: 8693
    - path: models/model.pkl
      hash: md5
      md5: c2351183184f9f906ce4c9970b06db51
      size: 872
    - path: src/components/model_evaluation.py
      hash: md5
      md5: 76de567471987e842d3f0c539d22e0c0
      size: 8222
    outs:
    - path: reports/experiment_info.json
      hash: md5
      md5: 9f13d4fb329ac4e99d4263719b03d11f
      size: 83
    - path: reports/metrics.json
      hash: md5
      md5: 59ac8c189ed49e8c20b830d36af0a0c6
      size: 131
  model_pusher:
    cmd: python src/components/model_pusher.py
    deps:
    - path: models/model.pkl
      hash: md5
      md5: c2351183184f9f906ce4c9970b06db51
      size: 872
    - path: reports/metrics.json
      hash: md5
      md5: 59ac8c189ed49e8c20b830d36af0a0c6
      size: 131
    - path: src/components/model_pusher.py
      hash: md5
      md5: 61701c5008e96fa58e923dd5c979e8d1
      size: 2822
